
Microsoft Visual Studio Solution File, Format Version 12.00
# Visual Studio 15
Project("{FAE04EC0-301F-11D3-BF4B-00C04F79EFBC}") = "Assembly-CSharp", "Assembly-CSharp.csproj", "{56F5703F-7D4E-F9F3-0246-DB5CF3CFC949}"
EndProject
Project("{FAE04EC0-301F-11D3-BF4B-00C04F79EFBC}") = "Assembly-CSharp-Editor", "Assembly-CSharp-Editor.csproj", "{92A524E4-016B-C05B-4590-AB81CECEB003}"
EndProject
Global
	GlobalSection(SolutionConfigurationPlatforms) = preSolution
		Debug|Any CPU = Debug|Any CPU
		Release|Any CPU = Release|Any CPU
	EndGlobalSection
	GlobalSection(ProjectConfigurationPlatforms) = postSolution
		{56F5703F-7D4E-F9F3-0246-DB5CF3CFC949}.Debug|Any CPU.ActiveCfg = Debug|Any CPU
		{56F5703F-7D4E-F9F3-0246-DB5CF3CFC949}.Debug|Any CPU.Build.0 = Debug|Any CPU
		{56F5703F-7D4E-F9F3-0246-DB5CF3CFC949}.Release|Any CPU.ActiveCfg = Release|Any CPU
		{56F5703F-7D4E-F9F3-0246-DB5CF3CFC949}.Release|Any CPU.Build.0 = Release|Any CPU
		{92A524E4-016B-C05B-4590-AB81CECEB003}.Debug|Any CPU.ActiveCfg = Debug|Any CPU
		{92A524E4-016B-C05B-4590-AB81CECEB003}.Debug|Any CPU.Build.0 = Debug|Any CPU
		{92A524E4-016B-C05B-4590-AB81CECEB003}.Release|Any CPU.ActiveCfg = Release|Any CPU
		{92A524E4-016B-C05B-4590-AB81CECEB003}.Release|Any CPU.Build.0 = Release|Any CPU
	EndGlobalSection
	GlobalSection(SolutionProperties) = preSolution
		HideSolutionNode = FALSE
	EndGlobalSection
EndGlobal
